
Microsoft Visual Studio Solution File, Format Version 12.00
# Visual Studio 2013
VisualStudioVersion = 12.0.30723.0
MinimumVisualStudioVersion = 10.0.40219.1
Project("{FAE04EC0-301F-11D3-BF4B-00C04F79EFBC}") = "Janus", "Janus\Janus.csproj", "{C7EEC382-27C8-4856-9A13-2839AD1A31A7}"
EndProject
Project("{FAE04EC0-301F-11D3-BF4B-00C04F79EFBC}") = "JanusEngine", "JanusEngine\JanusEngine.csproj", "{6F8EBBD7-E5EE-4F38-9729-2714B868DAA8}"
EndProject
Project("{FAE04EC0-301F-11D3-BF4B-00C04F79EFBC}") = "JanusDesktop", "JanusDesktop\JanusDesktop.csproj", "{995E8A8E-8443-4CE6-BE71-7E96E51DB56A}"
EndProject
Global
	GlobalSection(SolutionConfigurationPlatforms) = preSolution
		Debug|Any CPU = Debug|Any CPU
		Release|Any CPU = Release|Any CPU
	EndGlobalSection
	GlobalSection(ProjectConfigurationPlatforms) = postSolution
		{C7EEC382-27C8-4856-9A13-2839AD1A31A7}.Debug|Any CPU.ActiveCfg = Debug|Any CPU
		{C7EEC382-27C8-4856-9A13-2839AD1A31A7}.Debug|Any CPU.Build.0 = Debug|Any CPU
		{C7EEC382-27C8-4856-9A13-2839AD1A31A7}.Release|Any CPU.ActiveCfg = Release|Any CPU
		{C7EEC382-27C8-4856-9A13-2839AD1A31A7}.Release|Any CPU.Build.0 = Release|Any CPU
		{6F8EBBD7-E5EE-4F38-9729-2714B868DAA8}.Debug|Any CPU.ActiveCfg = Debug|Any CPU
		{6F8EBBD7-E5EE-4F38-9729-2714B868DAA8}.Debug|Any CPU.Build.0 = Debug|Any CPU
		{6F8EBBD7-E5EE-4F38-9729-2714B868DAA8}.Release|Any CPU.ActiveCfg = Release|Any CPU
		{6F8EBBD7-E5EE-4F38-9729-2714B868DAA8}.Release|Any CPU.Build.0 = Release|Any CPU
		{995E8A8E-8443-4CE6-BE71-7E96E51DB56A}.Debug|Any CPU.ActiveCfg = Debug|Any CPU
		{995E8A8E-8443-4CE6-BE71-7E96E51DB56A}.Debug|Any CPU.Build.0 = Debug|Any CPU
		{995E8A8E-8443-4CE6-BE71-7E96E51DB56A}.Release|Any CPU.ActiveCfg = Release|Any CPU
		{995E8A8E-8443-4CE6-BE71-7E96E51DB56A}.Release|Any CPU.Build.0 = Release|Any CPU
	EndGlobalSection
	GlobalSection(SolutionProperties) = preSolution
		HideSolutionNode = FALSE
	EndGlobalSection
EndGlobal
